// !$*UTF8*$!
{
	archiveVersion = 1;
	classes = {
	};
	objectVersion = 48;
	objects = {

/* Begin PBXBuildFile section */
		151E8BAD1FFDE95F004FEF2C /* BTC.png in Resources */ = {isa = PBXBuildFile; fileRef = 151E8BAC1FFDE95F004FEF2C /* BTC.png */; };
		151E8BAF1FFDEE41004FEF2C /* tron.png in Resources */ = {isa = PBXBuildFile; fileRef = 151E8BAE1FFDEE41004FEF2C /* tron.png */; };
		151E8BB11FFDEE4A004FEF2C /* Stellar.png in Resources */ = {isa = PBXBuildFile; fileRef = 151E8BB01FFDEE49004FEF2C /* Stellar.png */; };
		151E8BB31FFDEE55004FEF2C /* ripple.png in Resources */ = {isa = PBXBuildFile; fileRef = 151E8BB21FFDEE55004FEF2C /* ripple.png */; };
		151E8BB51FFDEE60004FEF2C /* cardano.png in Resources */ = {isa = PBXBuildFile; fileRef = 151E8BB41FFDEE60004FEF2C /* cardano.png */; };
		151E8BB71FFDEE64004FEF2C /* LTC.png in Resources */ = {isa = PBXBuildFile; fileRef = 151E8BB61FFDEE63004FEF2C /* LTC.png */; };
		156DC5C01FFDCCAA00EC2534 /* APIClient.swift in Sources */ = {isa = PBXBuildFile; fileRef = 156DC5BF1FFDCCAA00EC2534 /* APIClient.swift */; };
		156DC5C21FFDCCD700EC2534 /* Cryptocurrency.swift in Sources */ = {isa = PBXBuildFile; fileRef = 156DC5C11FFDCCD700EC2534 /* Cryptocurrency.swift */; };
		156DC5C41FFDDB2500EC2534 /* Coin.swift in Sources */ = {isa = PBXBuildFile; fileRef = 156DC5C31FFDDB2500EC2534 /* Coin.swift */; };
		156DC5C61FFDDCCE00EC2534 /* Coins.swift in Sources */ = {isa = PBXBuildFile; fileRef = 156DC5C51FFDDCCE00EC2534 /* Coins.swift */; };
		158808CE1FFDCA6C006A15F3 /* AppDelegate.swift in Sources */ = {isa = PBXBuildFile; fileRef = 158808CD1FFDCA6C006A15F3 /* AppDelegate.swift */; };
		158808D31FFDCA6C006A15F3 /* Main.storyboard in Resources */ = {isa = PBXBuildFile; fileRef = 158808D11FFDCA6C006A15F3 /* Main.storyboard */; };
		158808D51FFDCA6C006A15F3 /* Assets.xcassets in Resources */ = {isa = PBXBuildFile; fileRef = 158808D41FFDCA6C006A15F3 /* Assets.xcassets */; };
		158808D81FFDCA6C006A15F3 /* LaunchScreen.storyboard in Resources */ = {isa = PBXBuildFile; fileRef = 158808D61FFDCA6C006A15F3 /* LaunchScreen.storyboard */; };
		158808E31FFDCA6C006A15F3 /* CryptoWatchTests.swift in Sources */ = {isa = PBXBuildFile; fileRef = 158808E21FFDCA6C006A15F3 /* CryptoWatchTests.swift */; };
		158808EE1FFDCA6C006A15F3 /* CryptoWatchUITests.swift in Sources */ = {isa = PBXBuildFile; fileRef = 158808ED1FFDCA6C006A15F3 /* CryptoWatchUITests.swift */; };
		4AF949BA8FCAECC96901D330 /* Pods_CryptoWatchUITests.framework in Frameworks */ = {isa = PBXBuildFile; fileRef = 37481A22A6DE2ABE7EA87335 /* Pods_CryptoWatchUITests.framework */; };
		942F9673031DAD5E252179B3 /* Pods_CryptoWatch.framework in Frameworks */ = {isa = PBXBuildFile; fileRef = B01FBBFCC5DDA62139622F05 /* Pods_CryptoWatch.framework */; };
		B8697C5C4748A2E7E404AC48 /* Pods_CryptoWatchTests.framework in Frameworks */ = {isa = PBXBuildFile; fileRef = C28D508B3B970857BCB7FC3B /* Pods_CryptoWatchTests.framework */; };
/* End PBXBuildFile section */

/* Begin PBXContainerItemProxy section */
		158808DF1FFDCA6C006A15F3 /* PBXContainerItemProxy */ = {
			isa = PBXContainerItemProxy;
			containerPortal = 158808C21FFDCA6C006A15F3 /* Project object */;
			proxyType = 1;
			remoteGlobalIDString = 158808C91FFDCA6C006A15F3;
			remoteInfo = CryptoWatch;
		};
		158808EA1FFDCA6C006A15F3 /* PBXContainerItemProxy */ = {
			isa = PBXContainerItemProxy;
			containerPortal = 158808C21FFDCA6C006A15F3 /* Project object */;
			proxyType = 1;
			remoteGlobalIDString = 158808C91FFDCA6C006A15F3;
			remoteInfo = CryptoWatch;
		};
/* End PBXContainerItemProxy section */

/* Begin PBXFileReference section */
		151E8BAC1FFDE95F004FEF2C /* BTC.png */ = {isa = PBXFileReference; lastKnownFileType = image.png; name = BTC.png; path = ../../../../BTC.png; sourceTree = "<group>"; };
		151E8BAE1FFDEE41004FEF2C /* tron.png */ = {isa = PBXFileReference; lastKnownFileType = image.png; name = tron.png; path = ../../../../tron.png; sourceTree = "<group>"; };
		151E8BB01FFDEE49004FEF2C /* Stellar.png */ = {isa = PBXFileReference; lastKnownFileType = image.png; name = Stellar.png; path = ../../../../Stellar.png; sourceTree = "<group>"; };
		151E8BB21FFDEE55004FEF2C /* ripple.png */ = {isa = PBXFileReference; lastKnownFileType = image.png; name = ripple.png; path = ../../../../ripple.png; sourceTree = "<group>"; };
		151E8BB41FFDEE60004FEF2C /* cardano.png */ = {isa = PBXFileReference; lastKnownFileType = image.png; name = cardano.png; path = ../../../../cardano.png; sourceTree = "<group>"; };
		151E8BB61FFDEE63004FEF2C /* LTC.png */ = {isa = PBXFileReference; lastKnownFileType = image.png; name = LTC.png; path = ../../../../LTC.png; sourceTree = "<group>"; };
		156DC5BF1FFDCCAA00EC2534 /* APIClient.swift */ = {isa = PBXFileReference; lastKnownFileType = sourcecode.swift; name = APIClient.swift; path = /Users/Francis/Desktop/CryptoWatch/CryptoWatch/CryptoWatch/CryptoWatch/APIClient.swift; sourceTree = "<absolute>"; };
		156DC5C11FFDCCD700EC2534 /* Cryptocurrency.swift */ = {isa = PBXFileReference; lastKnownFileType = sourcecode.swift; path = Cryptocurrency.swift; sourceTree = "<group>"; };
		156DC5C31FFDDB2500EC2534 /* Coin.swift */ = {isa = PBXFileReference; lastKnownFileType = sourcecode.swift; path = Coin.swift; sourceTree = "<group>"; };
		156DC5C51FFDDCCE00EC2534 /* Coins.swift */ = {isa = PBXFileReference; lastKnownFileType = sourcecode.swift; path = Coins.swift; sourceTree = "<group>"; };
		158808CA1FFDCA6C006A15F3 /* CryptoWatch.app */ = {isa = PBXFileReference; explicitFileType = wrapper.application; includeInIndex = 0; path = CryptoWatch.app; sourceTree = BUILT_PRODUCTS_DIR; };
		158808CD1FFDCA6C006A15F3 /* AppDelegate.swift */ = {isa = PBXFileReference; lastKnownFileType = sourcecode.swift; path = AppDelegate.swift; sourceTree = "<group>"; };
		158808D21FFDCA6C006A15F3 /* Base */ = {isa = PBXFileReference; lastKnownFileType = file.storyboard; name = Base; path = Base.lproj/Main.storyboard; sourceTree = "<group>"; };
		158808D41FFDCA6C006A15F3 /* Assets.xcassets */ = {isa = PBXFileReference; lastKnownFileType = folder.assetcatalog; path = Assets.xcassets; sourceTree = "<group>"; };
		158808D71FFDCA6C006A15F3 /* Base */ = {isa = PBXFileReference; lastKnownFileType = file.storyboard; name = Base; path = Base.lproj/LaunchScreen.storyboard; sourceTree = "<group>"; };
		158808D91FFDCA6C006A15F3 /* Info.plist */ = {isa = PBXFileReference; lastKnownFileType = text.plist.xml; path = Info.plist; sourceTree = "<group>"; };
		158808DE1FFDCA6C006A15F3 /* CryptoWatchTests.xctest */ = {isa = PBXFileReference; explicitFileType = wrapper.cfbundle; includeInIndex = 0; path = CryptoWatchTests.xctest; sourceTree = BUILT_PRODUCTS_DIR; };
		158808E21FFDCA6C006A15F3 /* CryptoWatchTests.swift */ = {isa = PBXFileReference; lastKnownFileType = sourcecode.swift; path = CryptoWatchTests.swift; sourceTree = "<group>"; };
		158808E41FFDCA6C006A15F3 /* Info.plist */ = {isa = PBXFileReference; lastKnownFileType = text.plist.xml; path = Info.plist; sourceTree = "<group>"; };
		158808E91FFDCA6C006A15F3 /* CryptoWatchUITests.xctest */ = {isa = PBXFileReference; explicitFileType = wrapper.cfbundle; includeInIndex = 0; path = CryptoWatchUITests.xctest; sourceTree = BUILT_PRODUCTS_DIR; };
		158808ED1FFDCA6C006A15F3 /* CryptoWatchUITests.swift */ = {isa = PBXFileReference; lastKnownFileType = sourcecode.swift; path = CryptoWatchUITests.swift; sourceTree = "<group>"; };
		158808EF1FFDCA6C006A15F3 /* Info.plist */ = {isa = PBXFileReference; lastKnownFileType = text.plist.xml; path = Info.plist; sourceTree = "<group>"; };
		19534FF7CE4451A01BDF49D8 /* Pods-CryptoWatchUITests.release.xcconfig */ = {isa = PBXFileReference; includeInIndex = 1; lastKnownFileType = text.xcconfig; name = "Pods-CryptoWatchUITests.release.xcconfig"; path = "Pods/Target Support Files/Pods-CryptoWatchUITests/Pods-CryptoWatchUITests.release.xcconfig"; sourceTree = "<group>"; };
		1E89D76453674D838E86ABF9 /* Pods-CryptoWatchTests.release.xcconfig */ = {isa = PBXFileReference; includeInIndex = 1; lastKnownFileType = text.xcconfig; name = "Pods-CryptoWatchTests.release.xcconfig"; path = "Pods/Target Support Files/Pods-CryptoWatchTests/Pods-CryptoWatchTests.release.xcconfig"; sourceTree = "<group>"; };
		37481A22A6DE2ABE7EA87335 /* Pods_CryptoWatchUITests.framework */ = {isa = PBXFileReference; explicitFileType = wrapper.framework; includeInIndex = 0; path = Pods_CryptoWatchUITests.framework; sourceTree = BUILT_PRODUCTS_DIR; };
		5FDBC697C90B864D52CF7864 /* Pods-CryptoWatchTests.debug.xcconfig */ = {isa = PBXFileReference; includeInIndex = 1; lastKnownFileType = text.xcconfig; name = "Pods-CryptoWatchTests.debug.xcconfig"; path = "Pods/Target Support Files/Pods-CryptoWatchTests/Pods-CryptoWatchTests.debug.xcconfig"; sourceTree = "<group>"; };
		76EEA08C28F7CF5BEDFA43FC /* Pods-CryptoWatchUITests.debug.xcconfig */ = {isa = PBXFileReference; includeInIndex = 1; lastKnownFileType = text.xcconfig; name = "Pods-CryptoWatchUITests.debug.xcconfig"; path = "Pods/Target Support Files/Pods-CryptoWatchUITests/Pods-CryptoWatchUITests.debug.xcconfig"; sourceTree = "<group>"; };
		A63CB416EA50CF8C5C0AEB3A /* Pods-CryptoWatch.debug.xcconfig */ = {isa = PBXFileReference; includeInIndex = 1; lastKnownFileType = text.xcconfig; name = "Pods-CryptoWatch.debug.xcconfig"; path = "Pods/Target Support Files/Pods-CryptoWatch/Pods-CryptoWatch.debug.xcconfig"; sourceTree = "<group>"; };
		B01FBBFCC5DDA62139622F05 /* Pods_CryptoWatch.framework */ = {isa = PBXFileReference; explicitFileType = wrapper.framework; includeInIndex = 0; path = Pods_CryptoWatch.framework; sourceTree = BUILT_PRODUCTS_DIR; };
		C28D508B3B970857BCB7FC3B /* Pods_CryptoWatchTests.framework */ = {isa = PBXFileReference; explicitFileType = wrapper.framework; includeInIndex = 0; path = Pods_CryptoWatchTests.framework; sourceTree = BUILT_PRODUCTS_DIR; };
		EDDE6D519539A8DCC23FAD82 /* Pods-CryptoWatch.release.xcconfig */ = {isa = PBXFileReference; includeInIndex = 1; lastKnownFileType = text.xcconfig; name = "Pods-CryptoWatch.release.xcconfig"; path = "Pods/Target Support Files/Pods-CryptoWatch/Pods-CryptoWatch.release.xcconfig"; sourceTree = "<group>"; };
/* End PBXFileReference section */

/* Begin PBXFrameworksBuildPhase section */
		158808C71FFDCA6C006A15F3 /* Frameworks */ = {
			isa = PBXFrameworksBuildPhase;
			buildActionMask = 2147483647;
			files = (
				942F9673031DAD5E252179B3 /* Pods_CryptoWatch.framework in Frameworks */,
			);
			runOnlyForDeploymentPostprocessing = 0;
		};
		158808DB1FFDCA6C006A15F3 /* Frameworks */ = {
			isa = PBXFrameworksBuildPhase;
			buildActionMask = 2147483647;
			files = (
				B8697C5C4748A2E7E404AC48 /* Pods_CryptoWatchTests.framework in Frameworks */,
			);
			runOnlyForDeploymentPostprocessing = 0;
		};
		158808E61FFDCA6C006A15F3 /* Frameworks */ = {
			isa = PBXFrameworksBuildPhase;
			buildActionMask = 2147483647;
			files = (
				4AF949BA8FCAECC96901D330 /* Pods_CryptoWatchUITests.framework in Frameworks */,
			);
			runOnlyForDeploymentPostprocessing = 0;
		};
/* End PBXFrameworksBuildPhase section */

/* Begin PBXGroup section */
		10323ADD5F69A3330E15EC2F /* Pods */ = {
			isa = PBXGroup;
			children = (
				A63CB416EA50CF8C5C0AEB3A /* Pods-CryptoWatch.debug.xcconfig */,
				EDDE6D519539A8DCC23FAD82 /* Pods-CryptoWatch.release.xcconfig */,
				5FDBC697C90B864D52CF7864 /* Pods-CryptoWatchTests.debug.xcconfig */,
				1E89D76453674D838E86ABF9 /* Pods-CryptoWatchTests.release.xcconfig */,
				76EEA08C28F7CF5BEDFA43FC /* Pods-CryptoWatchUITests.debug.xcconfig */,
				19534FF7CE4451A01BDF49D8 /* Pods-CryptoWatchUITests.release.xcconfig */,
			);
			name = Pods;
			sourceTree = "<group>";
		};
		158808C11FFDCA6C006A15F3 = {
			isa = PBXGroup;
			children = (
				158808CC1FFDCA6C006A15F3 /* CryptoWatch */,
				158808E11FFDCA6C006A15F3 /* CryptoWatchTests */,
				158808EC1FFDCA6C006A15F3 /* CryptoWatchUITests */,
				158808CB1FFDCA6C006A15F3 /* Products */,
				10323ADD5F69A3330E15EC2F /* Pods */,
				6B4D461AF6EC565343257B85 /* Frameworks */,
			);
			sourceTree = "<group>";
		};
		158808CB1FFDCA6C006A15F3 /* Products */ = {
			isa = PBXGroup;
			children = (
				158808CA1FFDCA6C006A15F3 /* CryptoWatch.app */,
				158808DE1FFDCA6C006A15F3 /* CryptoWatchTests.xctest */,
				158808E91FFDCA6C006A15F3 /* CryptoWatchUITests.xctest */,
			);
			name = Products;
			sourceTree = "<group>";
		};
		158808CC1FFDCA6C006A15F3 /* CryptoWatch */ = {
			isa = PBXGroup;
			children = (
				158808CD1FFDCA6C006A15F3 /* AppDelegate.swift */,
				156DC5C51FFDDCCE00EC2534 /* Coins.swift */,
				156DC5BF1FFDCCAA00EC2534 /* APIClient.swift */,
				151E8BAC1FFDE95F004FEF2C /* BTC.png */,
				151E8BB01FFDEE49004FEF2C /* Stellar.png */,
				151E8BB41FFDEE60004FEF2C /* cardano.png */,
				151E8BB61FFDEE63004FEF2C /* LTC.png */,
				151E8BB21FFDEE55004FEF2C /* ripple.png */,
				151E8BAE1FFDEE41004FEF2C /* tron.png */,
				156DC5C11FFDCCD700EC2534 /* Cryptocurrency.swift */,
				158808D11FFDCA6C006A15F3 /* Main.storyboard */,
				156DC5C31FFDDB2500EC2534 /* Coin.swift */,
				158808D41FFDCA6C006A15F3 /* Assets.xcassets */,
				158808D61FFDCA6C006A15F3 /* LaunchScreen.storyboard */,
				158808D91FFDCA6C006A15F3 /* Info.plist */,
			);
			path = CryptoWatch;
			sourceTree = "<group>";
		};
		158808E11FFDCA6C006A15F3 /* CryptoWatchTests */ = {
			isa = PBXGroup;
			children = (
				158808E21FFDCA6C006A15F3 /* CryptoWatchTests.swift */,
				158808E41FFDCA6C006A15F3 /* Info.plist */,
			);
			path = CryptoWatchTests;
			sourceTree = "<group>";
		};
		158808EC1FFDCA6C006A15F3 /* CryptoWatchUITests */ = {
			isa = PBXGroup;
			children = (
				158808ED1FFDCA6C006A15F3 /* CryptoWatchUITests.swift */,
				158808EF1FFDCA6C006A15F3 /* Info.plist */,
			);
			path = CryptoWatchUITests;
			sourceTree = "<group>";
		};
		6B4D461AF6EC565343257B85 /* Frameworks */ = {
			isa = PBXGroup;
			children = (
				B01FBBFCC5DDA62139622F05 /* Pods_CryptoWatch.framework */,
				C28D508B3B970857BCB7FC3B /* Pods_CryptoWatchTests.framework */,
				37481A22A6DE2ABE7EA87335 /* Pods_CryptoWatchUITests.framework */,
			);
			name = Frameworks;
			sourceTree = "<group>";
		};
/* End PBXGroup section */

/* Begin PBXNativeTarget section */
		158808C91FFDCA6C006A15F3 /* CryptoWatch */ = {
			isa = PBXNativeTarget;
			buildConfigurationList = 158808F21FFDCA6C006A15F3 /* Build configuration list for PBXNativeTarget "CryptoWatch" */;
			buildPhases = (
				BA248A7088820D3CEE4CB504 /* [CP] Check Pods Manifest.lock */,
				158808C61FFDCA6C006A15F3 /* Sources */,
				158808C71FFDCA6C006A15F3 /* Frameworks */,
				158808C81FFDCA6C006A15F3 /* Resources */,
				50D95F87D182D56383A617E4 /* [CP] Embed Pods Frameworks */,
				2E592C3F349C36323D00F8EB /* [CP] Copy Pods Resources */,
			);
			buildRules = (
			);
			dependencies = (
			);
			name = CryptoWatch;
			productName = CryptoWatch;
			productReference = 158808CA1FFDCA6C006A15F3 /* CryptoWatch.app */;
			productType = "com.apple.product-type.application";
		};
		158808DD1FFDCA6C006A15F3 /* CryptoWatchTests */ = {
			isa = PBXNativeTarget;
			buildConfigurationList = 158808F51FFDCA6C006A15F3 /* Build configuration list for PBXNativeTarget "CryptoWatchTests" */;
			buildPhases = (
				13060118B62CCF9B1CFB5B07 /* [CP] Check Pods Manifest.lock */,
				158808DA1FFDCA6C006A15F3 /* Sources */,
				158808DB1FFDCA6C006A15F3 /* Frameworks */,
				158808DC1FFDCA6C006A15F3 /* Resources */,
				D1175159B473E12B4CDB4CB1 /* [CP] Embed Pods Frameworks */,
				E2940D6C0C0920076B2D5B71 /* [CP] Copy Pods Resources */,
			);
			buildRules = (
			);
			dependencies = (
				158808E01FFDCA6C006A15F3 /* PBXTargetDependency */,
			);
			name = CryptoWatchTests;
			productName = CryptoWatchTests;
			productReference = 158808DE1FFDCA6C006A15F3 /* CryptoWatchTests.xctest */;
			productType = "com.apple.product-type.bundle.unit-test";
		};
		158808E81FFDCA6C006A15F3 /* CryptoWatchUITests */ = {
			isa = PBXNativeTarget;
			buildConfigurationList = 158808F81FFDCA6C006A15F3 /* Build configuration list for PBXNativeTarget "CryptoWatchUITests" */;
			buildPhases = (
				13D1695EC7DC64FC12543D95 /* [CP] Check Pods Manifest.lock */,
				158808E51FFDCA6C006A15F3 /* Sources */,
				158808E61FFDCA6C006A15F3 /* Frameworks */,
				158808E71FFDCA6C006A15F3 /* Resources */,
				472AD1418721AC4FB08B996A /* [CP] Embed Pods Frameworks */,
				4E11D7064B38DE95666D7A0F /* [CP] Copy Pods Resources */,
			);
			buildRules = (
			);
			dependencies = (
				158808EB1FFDCA6C006A15F3 /* PBXTargetDependency */,
			);
			name = CryptoWatchUITests;
			productName = CryptoWatchUITests;
			productReference = 158808E91FFDCA6C006A15F3 /* CryptoWatchUITests.xctest */;
			productType = "com.apple.product-type.bundle.ui-testing";
		};
/* End PBXNativeTarget section */

/* Begin PBXProject section */
		158808C21FFDCA6C006A15F3 /* Project object */ = {
			isa = PBXProject;
			attributes = {
				LastSwiftUpdateCheck = 0920;
				LastUpgradeCheck = 0920;
				ORGANIZATIONNAME = Francis;
				TargetAttributes = {
					158808C91FFDCA6C006A15F3 = {
						CreatedOnToolsVersion = 9.2;
						ProvisioningStyle = Automatic;
					};
					158808DD1FFDCA6C006A15F3 = {
						CreatedOnToolsVersion = 9.2;
						ProvisioningStyle = Automatic;
						TestTargetID = 158808C91FFDCA6C006A15F3;
					};
					158808E81FFDCA6C006A15F3 = {
						CreatedOnToolsVersion = 9.2;
						ProvisioningStyle = Automatic;
						TestTargetID = 158808C91FFDCA6C006A15F3;
					};
				};
			};
			buildConfigurationList = 158808C51FFDCA6C006A15F3 /* Build configuration list for PBXProject "CryptoWatch" */;
			compatibilityVersion = "Xcode 8.0";
			developmentRegion = en;
			hasScannedForEncodings = 0;
			knownRegions = (
				en,
				Base,
			);
			mainGroup = 158808C11FFDCA6C006A15F3;
			productRefGroup = 158808CB1FFDCA6C006A15F3 /* Products */;
			projectDirPath = "";
			projectRoot = "";
			targets = (
				158808C91FFDCA6C006A15F3 /* CryptoWatch */,
				158808DD1FFDCA6C006A15F3 /* CryptoWatchTests */,
				158808E81FFDCA6C006A15F3 /* CryptoWatchUITests */,
			);
		};
/* End PBXProject section */

/* Begin PBXResourcesBuildPhase section */
		158808C81FFDCA6C006A15F3 /* Resources */ = {
			isa = PBXResourcesBuildPhase;
			buildActionMask = 2147483647;
			files = (
				158808D81FFDCA6C006A15F3 /* LaunchScreen.storyboard in Resources */,
				151E8BB31FFDEE55004FEF2C /* ripple.png in Resources */,
				151E8BB11FFDEE4A004FEF2C /* Stellar.png in Resources */,
				151E8BB71FFDEE64004FEF2C /* LTC.png in Resources */,
				151E8BAF1FFDEE41004FEF2C /* tron.png in Resources */,
				158808D51FFDCA6C006A15F3 /* Assets.xcassets in Resources */,
				158808D31FFDCA6C006A15F3 /* Main.storyboard in Resources */,
				151E8BB51FFDEE60004FEF2C /* cardano.png in Resources */,
				151E8BAD1FFDE95F004FEF2C /* BTC.png in Resources */,
			);
			runOnlyForDeploymentPostprocessing = 0;
		};
		158808DC1FFDCA6C006A15F3 /* Resources */ = {
			isa = PBXResourcesBuildPhase;
			buildActionMask = 2147483647;
			files = (
			);
			runOnlyForDeploymentPostprocessing = 0;
		};
		158808E71FFDCA6C006A15F3 /* Resources */ = {
			isa = PBXResourcesBuildPhase;
			buildActionMask = 2147483647;
			files = (
			);
			runOnlyForDeploymentPostprocessing = 0;
		};
/* End PBXResourcesBuildPhase section */

/* Begin PBXShellScriptBuildPhase section */
		13060118B62CCF9B1CFB5B07 /* [CP] Check Pods Manifest.lock */ = {
			isa = PBXShellScriptBuildPhase;
			buildActionMask = 2147483647;
			files = (
			);
			inputPaths = (
				"${PODS_PODFILE_DIR_PATH}/Podfile.lock",
				"${PODS_ROOT}/Manifest.lock",
			);
			name = "[CP] Check Pods Manifest.lock";
			outputPaths = (
				"$(DERIVED_FILE_DIR)/Pods-CryptoWatchTests-checkManifestLockResult.txt",
			);
			runOnlyForDeploymentPostprocessing = 0;
			shellPath = /bin/sh;
			shellScript = "diff \"${PODS_PODFILE_DIR_PATH}/Podfile.lock\" \"${PODS_ROOT}/Manifest.lock\" > /dev/null\nif [ $? != 0 ] ; then\n    # print error to STDERR\n    echo \"error: The sandbox is not in sync with the Podfile.lock. Run 'pod install' or update your CocoaPods installation.\" >&2\n    exit 1\nfi\n# This output is used by Xcode 'outputs' to avoid re-running this script phase.\necho \"SUCCESS\" > \"${SCRIPT_OUTPUT_FILE_0}\"\n";
			showEnvVarsInLog = 0;
		};
		13D1695EC7DC64FC12543D95 /* [CP] Check Pods Manifest.lock */ = {
			isa = PBXShellScriptBuildPhase;
			buildActionMask = 2147483647;
			files = (
			);
			inputPaths = (
				"${PODS_PODFILE_DIR_PATH}/Podfile.lock",
				"${PODS_ROOT}/Manifest.lock",
			);
			name = "[CP] Check Pods Manifest.lock";
			outputPaths = (
				"$(DERIVED_FILE_DIR)/Pods-CryptoWatchUITests-checkManifestLockResult.txt",
			);
			runOnlyForDeploymentPostprocessing = 0;
			shellPath = /bin/sh;
			shellScript = "diff \"${PODS_PODFILE_DIR_PATH}/Podfile.lock\" \"${PODS_ROOT}/Manifest.lock\" > /dev/null\nif [ $? != 0 ] ; then\n    # print error to STDERR\n    echo \"error: The sandbox is not in sync with the Podfile.lock. Run 'pod install' or update your CocoaPods installation.\" >&2\n    exit 1\nfi\n# This output is used by Xcode 'outputs' to avoid re-running this script phase.\necho \"SUCCESS\" > \"${SCRIPT_OUTPUT_FILE_0}\"\n";
			showEnvVarsInLog = 0;
		};
		2E592C3F349C36323D00F8EB /* [CP] Copy Pods Resources */ = {
			isa = PBXShellScriptBuildPhase;
			buildActionMask = 2147483647;
			files = (
			);
			inputPaths = (
			);
			name = "[CP] Copy Pods Resources";
			outputPaths = (
			);
			runOnlyForDeploymentPostprocessing = 0;
			shellPath = /bin/sh;
			shellScript = "\"${SRCROOT}/Pods/Target Support Files/Pods-CryptoWatch/Pods-CryptoWatch-resources.sh\"\n";
			showEnvVarsInLog = 0;
		};
		472AD1418721AC4FB08B996A /* [CP] Embed Pods Frameworks */ = {
			isa = PBXShellScriptBuildPhase;
			buildActionMask = 2147483647;
			files = (
			);
			inputPaths = (
			);
			name = "[CP] Embed Pods Frameworks";
			outputPaths = (
			);
			runOnlyForDeploymentPostprocessing = 0;
			shellPath = /bin/sh;
			shellScript = "\"${SRCROOT}/Pods/Target Support Files/Pods-CryptoWatchUITests/Pods-CryptoWatchUITests-frameworks.sh\"\n";
			showEnvVarsInLog = 0;
		};
		4E11D7064B38DE95666D7A0F /* [CP] Copy Pods Resources */ = {
			isa = PBXShellScriptBuildPhase;
			buildActionMask = 2147483647;
			files = (
			);
			inputPaths = (
			);
			name = "[CP] Copy Pods Resources";
			outputPaths = (
			);
			runOnlyForDeploymentPostprocessing = 0;
			shellPath = /bin/sh;
			shellScript = "\"${SRCROOT}/Pods/Target Support Files/Pods-CryptoWatchUITests/Pods-CryptoWatchUITests-resources.sh\"\n";
			showEnvVarsInLog = 0;
		};
		50D95F87D182D56383A617E4 /* [CP] Embed Pods Frameworks */ = {
			isa = PBXShellScriptBuildPhase;
			buildActionMask = 2147483647;
			files = (
			);
			inputPaths = (
				"${SRCROOT}/Pods/Target Support Files/Pods-CryptoWatch/Pods-CryptoWatch-frameworks.sh",
				"${BUILT_PRODUCTS_DIR}/Alamofire/Alamofire.framework",
				"${BUILT_PRODUCTS_DIR}/SwiftyJSON/SwiftyJSON.framework",
			);
			name = "[CP] Embed Pods Frameworks";
			outputPaths = (
				"${TARGET_BUILD_DIR}/${FRAMEWORKS_FOLDER_PATH}/Alamofire.framework",
				"${TARGET_BUILD_DIR}/${FRAMEWORKS_FOLDER_PATH}/SwiftyJSON.framework",
			);
			runOnlyForDeploymentPostprocessing = 0;
			shellPath = /bin/sh;
			shellScript = "\"${SRCROOT}/Pods/Target Support Files/Pods-CryptoWatch/Pods-CryptoWatch-frameworks.sh\"\n";
			showEnvVarsInLog = 0;
		};
		BA248A7088820D3CEE4CB504 /* [CP] Check Pods Manifest.lock */ = {
			isa = PBXShellScriptBuildPhase;
			buildActionMask = 2147483647;
			files = (
			);
			inputPaths = (
				"${PODS_PODFILE_DIR_PATH}/Podfile.lock",
				"${PODS_ROOT}/Manifest.lock",
			);
			name = "[CP] Check Pods Manifest.lock";
			outputPaths = (
				"$(DERIVED_FILE_DIR)/Pods-CryptoWatch-checkManifestLockResult.txt",
			);
			runOnlyForDeploymentPostprocessing = 0;
			shellPath = /bin/sh;
			shellScript = "diff \"${PODS_PODFILE_DIR_PATH}/Podfile.lock\" \"${PODS_ROOT}/Manifest.lock\" > /dev/null\nif [ $? != 0 ] ; then\n    # print error to STDERR\n    echo \"error: The sandbox is not in sync with the Podfile.lock. Run 'pod install' or update your CocoaPods installation.\" >&2\n    exit 1\nfi\n# This output is used by Xcode 'outputs' to avoid re-running this script phase.\necho \"SUCCESS\" > \"${SCRIPT_OUTPUT_FILE_0}\"\n";
			showEnvVarsInLog = 0;
		};
		D1175159B473E12B4CDB4CB1 /* [CP] Embed Pods Frameworks */ = {
			isa = PBXShellScriptBuildPhase;
			buildActionMask = 2147483647;
			files = (
			);
			inputPaths = (
			);
			name = "[CP] Embed Pods Frameworks";
			outputPaths = (
			);
			runOnlyForDeploymentPostprocessing = 0;
			shellPath = /bin/sh;
			shellScript = "\"${SRCROOT}/Pods/Target Support Files/Pods-CryptoWatchTests/Pods-CryptoWatchTests-frameworks.sh\"\n";
			showEnvVarsInLog = 0;
		};
		E2940D6C0C0920076B2D5B71 /* [CP] Copy Pods Resources */ = {
			isa = PBXShellScriptBuildPhase;
			buildActionMask = 2147483647;
			files = (
			);
			inputPaths = (
			);
			name = "[CP] Copy Pods Resources";
			outputPaths = (
			);
			runOnlyForDeploymentPostprocessing = 0;
			shellPath = /bin/sh;
			shellScript = "\"${SRCROOT}/Pods/Target Support Files/Pods-CryptoWatchTests/Pods-CryptoWatchTests-resources.sh\"\n";
			showEnvVarsInLog = 0;
		};
/* End PBXShellScriptBuildPhase section */

/* Begin PBXSourcesBuildPhase section */
		158808C61FFDCA6C006A15F3 /* Sources */ = {
			isa = PBXSourcesBuildPhase;
			buildActionMask = 2147483647;
			files = (
				158808CE1FFDCA6C006A15F3 /* AppDelegate.swift in Sources */,
				156DC5C61FFDDCCE00EC2534 /* Coins.swift in Sources */,
				156DC5C01FFDCCAA00EC2534 /* APIClient.swift in Sources */,
				156DC5C41FFDDB2500EC2534 /* Coin.swift in Sources */,
				156DC5C21FFDCCD700EC2534 /* Cryptocurrency.swift in Sources */,
			);
			runOnlyForDeploymentPostprocessing = 0;
		};
		158808DA1FFDCA6C006A15F3 /* Sources */ = {
			isa = PBXSourcesBuildPhase;
			buildActionMask = 2147483647;
			files = (
				158808E31FFDCA6C006A15F3 /* CryptoWatchTests.swift in Sources */,
			);
			runOnlyForDeploymentPostprocessing = 0;
		};
		158808E51FFDCA6C006A15F3 /* Sources */ = {
			isa = PBXSourcesBuildPhase;
			buildActionMask = 2147483647;
			files = (
				158808EE1FFDCA6C006A15F3 /* CryptoWatchUITests.swift in Sources */,
			);
			runOnlyForDeploymentPostprocessing = 0;
		};
/* End PBXSourcesBuildPhase section */

/* Begin PBXTargetDependency section */
		158808E01FFDCA6C006A15F3 /* PBXTargetDependency */ = {
			isa = PBXTargetDependency;
			target = 158808C91FFDCA6C006A15F3 /* CryptoWatch */;
			targetProxy = 158808DF1FFDCA6C006A15F3 /* PBXContainerItemProxy */;
		};
		158808EB1FFDCA6C006A15F3 /* PBXTargetDependency */ = {
			isa = PBXTargetDependency;
			target = 158808C91FFDCA6C006A15F3 /* CryptoWatch */;
			targetProxy = 158808EA1FFDCA6C006A15F3 /* PBXContainerItemProxy */;
		};
/* End PBXTargetDependency section */

/* Begin PBXVariantGroup section */
		158808D11FFDCA6C006A15F3 /* Main.storyboard */ = {
			isa = PBXVariantGroup;
			children = (
				158808D21FFDCA6C006A15F3 /* Base */,
			);
			name = Main.storyboard;
			sourceTree = "<group>";
		};
		158808D61FFDCA6C006A15F3 /* LaunchScreen.storyboard */ = {
			isa = PBXVariantGroup;
			children = (
				158808D71FFDCA6C006A15F3 /* Base */,
			);
			name = LaunchScreen.storyboard;
			sourceTree = "<group>";
		};
/* End PBXVariantGroup section */

/* Begin XCBuildConfiguration section */
		158808F01FFDCA6C006A15F3 /* Debug */ = {
			isa = XCBuildConfiguration;
			buildSettings = {
				ALWAYS_SEARCH_USER_PATHS = NO;
				CLANG_ANALYZER_NONNULL = YES;
				CLANG_ANALYZER_NUMBER_OBJECT_CONVERSION = YES_AGGRESSIVE;
				CLANG_CXX_LANGUAGE_STANDARD = "gnu++14";
				CLANG_CXX_LIBRARY = "libc++";
				CLANG_ENABLE_MODULES = YES;
				CLANG_ENABLE_OBJC_ARC = YES;
				CLANG_WARN_BLOCK_CAPTURE_AUTORELEASING = YES;
				CLANG_WARN_BOOL_CONVERSION = YES;
				CLANG_WARN_COMMA = YES;
				CLANG_WARN_CONSTANT_CONVERSION = YES;
				CLANG_WARN_DIRECT_OBJC_ISA_USAGE = YES_ERROR;
				CLANG_WARN_DOCUMENTATION_COMMENTS = YES;
				CLANG_WARN_EMPTY_BODY = YES;
				CLANG_WARN_ENUM_CONVERSION = YES;
				CLANG_WARN_INFINITE_RECURSION = YES;
				CLANG_WARN_INT_CONVERSION = YES;
				CLANG_WARN_NON_LITERAL_NULL_CONVERSION = YES;
				CLANG_WARN_OBJC_LITERAL_CONVERSION = YES;
				CLANG_WARN_OBJC_ROOT_CLASS = YES_ERROR;
				CLANG_WARN_RANGE_LOOP_ANALYSIS = YES;
				CLANG_WARN_STRICT_PROTOTYPES = YES;
				CLANG_WARN_SUSPICIOUS_MOVE = YES;
				CLANG_WARN_UNGUARDED_AVAILABILITY = YES_AGGRESSIVE;
				CLANG_WARN_UNREACHABLE_CODE = YES;
				CLANG_WARN__DUPLICATE_METHOD_MATCH = YES;
				CODE_SIGN_IDENTITY = "iPhone Developer";
				COPY_PHASE_STRIP = NO;
				DEBUG_INFORMATION_FORMAT = dwarf;
				ENABLE_STRICT_OBJC_MSGSEND = YES;
				ENABLE_TESTABILITY = YES;
				GCC_C_LANGUAGE_STANDARD = gnu11;
				GCC_DYNAMIC_NO_PIC = NO;
				GCC_NO_COMMON_BLOCKS = YES;
				GCC_OPTIMIZATION_LEVEL = 0;
				GCC_PREPROCESSOR_DEFINITIONS = (
					"DEBUG=1",
					"$(inherited)",
				);
				GCC_WARN_64_TO_32_BIT_CONVERSION = YES;
				GCC_WARN_ABOUT_RETURN_TYPE = YES_ERROR;
				GCC_WARN_UNDECLARED_SELECTOR = YES;
				GCC_WARN_UNINITIALIZED_AUTOS = YES_AGGRESSIVE;
				GCC_WARN_UNUSED_FUNCTION = YES;
				GCC_WARN_UNUSED_VARIABLE = YES;
				IPHONEOS_DEPLOYMENT_TARGET = 11.2;
				MTL_ENABLE_DEBUG_INFO = YES;
				ONLY_ACTIVE_ARCH = YES;
				SDKROOT = iphoneos;
				SWIFT_ACTIVE_COMPILATION_CONDITIONS = DEBUG;
				SWIFT_OPTIMIZATION_LEVEL = "-Onone";
			};
			name = Debug;
		};
		158808F11FFDCA6C006A15F3 /* Release */ = {
			isa = XCBuildConfiguration;
			buildSettings = {
				ALWAYS_SEARCH_USER_PATHS = NO;
				CLANG_ANALYZER_NONNULL = YES;
				CLANG_ANALYZER_NUMBER_OBJECT_CONVERSION = YES_AGGRESSIVE;
				CLANG_CXX_LANGUAGE_STANDARD = "gnu++14";
				CLANG_CXX_LIBRARY = "libc++";
				CLANG_ENABLE_MODULES = YES;
				CLANG_ENABLE_OBJC_ARC = YES;
				CLANG_WARN_BLOCK_CAPTURE_AUTORELEASING = YES;
				CLANG_WARN_BOOL_CONVERSION = YES;
				CLANG_WARN_COMMA = YES;
				CLANG_WARN_CONSTANT_CONVERSION = YES;
				CLANG_WARN_DIRECT_OBJC_ISA_USAGE = YES_ERROR;
				CLANG_WARN_DOCUMENTATION_COMMENTS = YES;
				CLANG_WARN_EMPTY_BODY = YES;
				CLANG_WARN_ENUM_CONVERSION = YES;
				CLANG_WARN_INFINITE_RECURSION = YES;
				CLANG_WARN_INT_CONVERSION = YES;
				CLANG_WARN_NON_LITERAL_NULL_CONVERSION = YES;
				CLANG_WARN_OBJC_LITERAL_CONVERSION = YES;
				CLANG_WARN_OBJC_ROOT_CLASS = YES_ERROR;
				CLANG_WARN_RANGE_LOOP_ANALYSIS = YES;
				CLANG_WARN_STRICT_PROTOTYPES = YES;
				CLANG_WARN_SUSPICIOUS_MOVE = YES;
				CLANG_WARN_UNGUARDED_AVAILABILITY = YES_AGGRESSIVE;
				CLANG_WARN_UNREACHABLE_CODE = YES;
				CLANG_WARN__DUPLICATE_METHOD_MATCH = YES;
				CODE_SIGN_IDENTITY = "iPhone Developer";
				COPY_PHASE_STRIP = NO;
				DEBUG_INFORMATION_FORMAT = "dwarf-with-dsym";
				ENABLE_NS_ASSERTIONS = NO;
				ENABLE_STRICT_OBJC_MSGSEND = YES;
				GCC_C_LANGUAGE_STANDARD = gnu11;
				GCC_NO_COMMON_BLOCKS = YES;
				GCC_WARN_64_TO_32_BIT_CONVERSION = YES;
				GCC_WARN_ABOUT_RETURN_TYPE = YES_ERROR;
				GCC_WARN_UNDECLARED_SELECTOR = YES;
				GCC_WARN_UNINITIALIZED_AUTOS = YES_AGGRESSIVE;
				GCC_WARN_UNUSED_FUNCTION = YES;
				GCC_WARN_UNUSED_VARIABLE = YES;
				IPHONEOS_DEPLOYMENT_TARGET = 11.2;
				MTL_ENABLE_DEBUG_INFO = NO;
				SDKROOT = iphoneos;
				SWIFT_OPTIMIZATION_LEVEL = "-Owholemodule";
				VALIDATE_PRODUCT = YES;
			};
			name = Release;
		};
		158808F31FFDCA6C006A15F3 /* Debug */ = {
			isa = XCBuildConfiguration;
			baseConfigurationReference = A63CB416EA50CF8C5C0AEB3A /* Pods-CryptoWatch.debug.xcconfig */;
			buildSettings = {
				ASSETCATALOG_COMPILER_APPICON_NAME = AppIcon;
				CODE_SIGN_STYLE = Automatic;
				DEVELOPMENT_TEAM = KZWDFEHP99;
				INFOPLIST_FILE = CryptoWatch/Info.plist;
				LD_RUNPATH_SEARCH_PATHS = "$(inherited) @executable_path/Frameworks";
				PRODUCT_BUNDLE_IDENTIFIER = Francis.CryptoWatch;
				PRODUCT_NAME = "$(TARGET_NAME)";
				SWIFT_VERSION = 4.0;
				TARGETED_DEVICE_FAMILY = "1,2";
			};
			name = Debug;
		};
		158808F41FFDCA6C006A15F3 /* Release */ = {
			isa = XCBuildConfiguration;
			baseConfigurationReference = EDDE6D519539A8DCC23FAD82 /* Pods-CryptoWatch.release.xcconfig */;
			buildSettings = {
				ASSETCATALOG_COMPILER_APPICON_NAME = AppIcon;
				CODE_SIGN_STYLE = Automatic;
				DEVELOPMENT_TEAM = KZWDFEHP99;
				INFOPLIST_FILE = CryptoWatch/Info.plist;
				LD_RUNPATH_SEARCH_PATHS = "$(inherited) @executable_path/Frameworks";
				PRODUCT_BUNDLE_IDENTIFIER = Francis.CryptoWatch;
				PRODUCT_NAME = "$(TARGET_NAME)";
				SWIFT_VERSION = 4.0;
				TARGETED_DEVICE_FAMILY = "1,2";
			};
			name = Release;
		};
		158808F61FFDCA6C006A15F3 /* Debug */ = {
			isa = XCBuildConfiguration;
			baseConfigurationReference = 5FDBC697C90B864D52CF7864 /* Pods-CryptoWatchTests.debug.xcconfig */;
			buildSettings = {
				ALWAYS_EMBED_SWIFT_STANDARD_LIBRARIES = YES;
				BUNDLE_LOADER = "$(TEST_HOST)";
				CODE_SIGN_STYLE = Automatic;
				DEVELOPMENT_TEAM = KZWDFEHP99;
				INFOPLIST_FILE = CryptoWatchTests/Info.plist;
				LD_RUNPATH_SEARCH_PATHS = "$(inherited) @executable_path/Frameworks @loader_path/Frameworks";
				PRODUCT_BUNDLE_IDENTIFIER = Francis.CryptoWatchTests;
				PRODUCT_NAME = "$(TARGET_NAME)";
				SWIFT_VERSION = 4.0;
				TARGETED_DEVICE_FAMILY = "1,2";
				TEST_HOST = "$(BUILT_PRODUCTS_DIR)/CryptoWatch.app/CryptoWatch";
			};
			name = Debug;
		};
		158808F71FFDCA6C006A15F3 /* Release */ = {
			isa = XCBuildConfiguration;
			baseConfigurationReference = 1E89D76453674D838E86ABF9 /* Pods-CryptoWatchTests.release.xcconfig */;
			buildSettings = {
				ALWAYS_EMBED_SWIFT_STANDARD_LIBRARIES = YES;
				BUNDLE_LOADER = "$(TEST_HOST)";
				CODE_SIGN_STYLE = Automatic;
				DEVELOPMENT_TEAM = KZWDFEHP99;
				INFOPLIST_FILE = CryptoWatchTests/Info.plist;
				LD_RUNPATH_SEARCH_PATHS = "$(inherited) @executable_path/Frameworks @loader_path/Frameworks";
				PRODUCT_BUNDLE_IDENTIFIER = Francis.CryptoWatchTests;
				PRODUCT_NAME = "$(TARGET_NAME)";
				SWIFT_VERSION = 4.0;
				TARGETED_DEVICE_FAMILY = "1,2";
				TEST_HOST = "$(BUILT_PRODUCTS_DIR)/CryptoWatch.app/CryptoWatch";
			};
			name = Release;
		};
		158808F91FFDCA6C006A15F3 /* Debug */ = {
			isa = XCBuildConfiguration;
			baseConfigurationReference = 76EEA08C28F7CF5BEDFA43FC /* Pods-CryptoWatchUITests.debug.xcconfig */;
			buildSettings = {
				ALWAYS_EMBED_SWIFT_STANDARD_LIBRARIES = YES;
				CODE_SIGN_STYLE = Automatic;
				DEVELOPMENT_TEAM = KZWDFEHP99;
				INFOPLIST_FILE = CryptoWatchUITests/Info.plist;
				LD_RUNPATH_SEARCH_PATHS = "$(inherited) @executable_path/Frameworks @loader_path/Frameworks";
				PRODUCT_BUNDLE_IDENTIFIER = Francis.CryptoWatchUITests;
				PRODUCT_NAME = "$(TARGET_NAME)";
				SWIFT_VERSION = 4.0;
				TARGETED_DEVICE_FAMILY = "1,2";
				TEST_TARGET_NAME = CryptoWatch;
			};
			name = Debug;
		};
		158808FA1FFDCA6C006A15F3 /* Release */ = {
			isa = XCBuildConfiguration;
			baseConfigurationReference = 19534FF7CE4451A01BDF49D8 /* Pods-CryptoWatchUITests.release.xcconfig */;
			buildSettings = {
				ALWAYS_EMBED_SWIFT_STANDARD_LIBRARIES = YES;
				CODE_SIGN_STYLE = Automatic;
				DEVELOPMENT_TEAM = KZWDFEHP99;
				INFOPLIST_FILE = CryptoWatchUITests/Info.plist;
				LD_RUNPATH_SEARCH_PATHS = "$(inherited) @executable_path/Frameworks @loader_path/Frameworks";
				PRODUCT_BUNDLE_IDENTIFIER = Francis.CryptoWatchUITests;
				PRODUCT_NAME = "$(TARGET_NAME)";
				SWIFT_VERSION = 4.0;
				TARGETED_DEVICE_FAMILY = "1,2";
				TEST_TARGET_NAME = CryptoWatch;
			};
			name = Release;
		};
/* End XCBuildConfiguration section */

/* Begin XCConfigurationList section */
		158808C51FFDCA6C006A15F3 /* Build configuration list for PBXProject "CryptoWatch" */ = {
			isa = XCConfigurationList;
			buildConfigurations = (
				158808F01FFDCA6C006A15F3 /* Debug */,
				158808F11FFDCA6C006A15F3 /* Release */,
			);
			defaultConfigurationIsVisible = 0;
			defaultConfigurationName = Release;
		};
		158808F21FFDCA6C006A15F3 /* Build configuration list for PBXNativeTarget "CryptoWatch" */ = {
			isa = XCConfigurationList;
			buildConfigurations = (
				158808F31FFDCA6C006A15F3 /* Debug */,
				158808F41FFDCA6C006A15F3 /* Release */,
			);
			defaultConfigurationIsVisible = 0;
			defaultConfigurationName = Release;
		};
		158808F51FFDCA6C006A15F3 /* Build configuration list for PBXNativeTarget "CryptoWatchTests" */ = {
			isa = XCConfigurationList;
			buildConfigurations = (
				158808F61FFDCA6C006A15F3 /* Debug */,
				158808F71FFDCA6C006A15F3 /* Release */,
			);
			defaultConfigurationIsVisible = 0;
			defaultConfigurationName = Release;
		};
		158808F81FFDCA6C006A15F3 /* Build configuration list for PBXNativeTarget "CryptoWatchUITests" */ = {
			isa = XCConfigurationList;
			buildConfigurations = (
				158808F91FFDCA6C006A15F3 /* Debug */,
				158808FA1FFDCA6C006A15F3 /* Release */,
			);
			defaultConfigurationIsVisible = 0;
			defaultConfigurationName = Release;
		};
/* End XCConfigurationList section */
	};
	rootObject = 158808C21FFDCA6C006A15F3 /* Project object */;
}
